
Microsoft Visual Studio Solution File, Format Version 12.00
# Visual Studio Version 17
VisualStudioVersion = 17.2.32630.192
MinimumVisualStudioVersion = 10.0.40219.1
Project("{FAE04EC0-301F-11D3-BF4B-00C04F79EFBC}") = "PriceCalcultator.Main", "PriceCalcultator.Main\PriceCalcultator.Main.csproj", "{7055E868-B7DC-477A-94B1-B184A3001089}"
EndProject
Project("{FAE04EC0-301F-11D3-BF4B-00C04F79EFBC}") = "PriceCalcultator.Tests", "PriceCalcultator.Tests\PriceCalcultator.Tests.csproj", "{CE84419A-D108-4340-A255-BD057E0817C9}"
EndProject
Global
	GlobalSection(SolutionConfigurationPlatforms) = preSolution
		Debug|Any CPU = Debug|Any CPU
		Release|Any CPU = Release|Any CPU
	EndGlobalSection
	GlobalSection(ProjectConfigurationPlatforms) = postSolution
		{7055E868-B7DC-477A-94B1-B184A3001089}.Debug|Any CPU.ActiveCfg = Debug|Any CPU
		{7055E868-B7DC-477A-94B1-B184A3001089}.Debug|Any CPU.Build.0 = Debug|Any CPU
		{7055E868-B7DC-477A-94B1-B184A3001089}.Release|Any CPU.ActiveCfg = Release|Any CPU
		{7055E868-B7DC-477A-94B1-B184A3001089}.Release|Any CPU.Build.0 = Release|Any CPU
		{CE84419A-D108-4340-A255-BD057E0817C9}.Debug|Any CPU.ActiveCfg = Debug|Any CPU
		{CE84419A-D108-4340-A255-BD057E0817C9}.Debug|Any CPU.Build.0 = Debug|Any CPU
		{CE84419A-D108-4340-A255-BD057E0817C9}.Release|Any CPU.ActiveCfg = Release|Any CPU
		{CE84419A-D108-4340-A255-BD057E0817C9}.Release|Any CPU.Build.0 = Release|Any CPU
	EndGlobalSection
	GlobalSection(SolutionProperties) = preSolution
		HideSolutionNode = FALSE
	EndGlobalSection
	GlobalSection(ExtensibilityGlobals) = postSolution
		SolutionGuid = {A717F325-DA6A-43B4-95FC-A4774A3E368D}
	EndGlobalSection
EndGlobal
